
Microsoft Visual Studio Solution File, Format Version 12.00
# Visual Studio Version 17
VisualStudioVersion = 17.11.35312.102
MinimumVisualStudioVersion = 10.0.40219.1
Project("{FAE04EC0-301F-11D3-BF4B-00C04F79EFBC}") = "StokTakip", "StokTakip\StokTakip.csproj", "{39D16326-765A-4DC3-9CDA-33765EEB6222}"
EndProject
Global
	GlobalSection(SolutionConfigurationPlatforms) = preSolution
		Debug|Any CPU = Debug|Any CPU
		Release|Any CPU = Release|Any CPU
	EndGlobalSection
	GlobalSection(ProjectConfigurationPlatforms) = postSolution
		{39D16326-765A-4DC3-9CDA-33765EEB6222}.Debug|Any CPU.ActiveCfg = Debug|Any CPU
		{39D16326-765A-4DC3-9CDA-33765EEB6222}.Debug|Any CPU.Build.0 = Debug|Any CPU
		{39D16326-765A-4DC3-9CDA-33765EEB6222}.Release|Any CPU.ActiveCfg = Release|Any CPU
		{39D16326-765A-4DC3-9CDA-33765EEB6222}.Release|Any CPU.Build.0 = Release|Any CPU
	EndGlobalSection
	GlobalSection(SolutionProperties) = preSolution
		HideSolutionNode = FALSE
	EndGlobalSection
	GlobalSection(ExtensibilityGlobals) = postSolution
		SolutionGuid = {90654C28-552B-416A-92DA-7DE06C6CDEC1}
	EndGlobalSection
EndGlobal
