
Microsoft Visual Studio Solution File, Format Version 12.00
# Visual Studio Version 17
VisualStudioVersion = 17.14.36408.4
MinimumVisualStudioVersion = 10.0.40219.1
Project("{FAE04EC0-301F-11D3-BF4B-00C04F79EFBC}") = "StokTakip", "StokTakip\StokTakip.csproj", "{06FB88C7-FA49-4158-92F2-EFABA2E0FFFA}"
EndProject
Project("{FAE04EC0-301F-11D3-BF4B-00C04F79EFBC}") = "StokTakip.Models", "StokTakip.Models\StokTakip.Models.csproj", "{87E2D0BA-A0BA-423F-A68A-B6CA5B13706D}"
EndProject
Project("{FAE04EC0-301F-11D3-BF4B-00C04F79EFBC}") = "StokTakip.Data", "StokTakip.Data\StokTakip.Data.csproj", "{FD5D7B98-DDEA-48FE-A7E1-F92A2CAB3882}"
EndProject
Project("{FAE04EC0-301F-11D3-BF4B-00C04F79EFBC}") = "StokTakip.Services", "StokTakip.Services\StokTakip.Services.csproj", "{B543FF65-DCAB-4C13-8E4E-BAD4B618841A}"
EndProject
Project("{FAE04EC0-301F-11D3-BF4B-00C04F79EFBC}") = "StokTakip.Helpers", "StokTakip.Helpers\StokTakip.Helpers.csproj", "{7E1D9416-B1AB-4BDC-AA85-4B10E7A66653}"
EndProject
Project("{FAE04EC0-301F-11D3-BF4B-00C04F79EFBC}") = "StokTakip.Validations", "StokTakip.Validations\StokTakip.Validations.csproj", "{AC9AA85C-CB77-4B4A-A4EF-351A1E74D378}"
EndProject
Project("{FAE04EC0-301F-11D3-BF4B-00C04F79EFBC}") = "StokTakip.Dto", "StokTakip.Dto\StokTakip.Dto.csproj", "{053127D8-9737-4C4A-BF2E-61E2155281C4}"
EndProject
Project("{FAE04EC0-301F-11D3-BF4B-00C04F79EFBC}") = "StokTakip.ViewModels", "StokTakip.ViewModels\StokTakip.ViewModels.csproj", "{DEE77ED3-25B5-42F2-9857-A8C2B3A01276}"
EndProject
Global
	GlobalSection(SolutionConfigurationPlatforms) = preSolution
		Debug|Any CPU = Debug|Any CPU
		Release|Any CPU = Release|Any CPU
	EndGlobalSection
	GlobalSection(ProjectConfigurationPlatforms) = postSolution
		{06FB88C7-FA49-4158-92F2-EFABA2E0FFFA}.Debug|Any CPU.ActiveCfg = Debug|Any CPU
		{06FB88C7-FA49-4158-92F2-EFABA2E0FFFA}.Debug|Any CPU.Build.0 = Debug|Any CPU
		{06FB88C7-FA49-4158-92F2-EFABA2E0FFFA}.Release|Any CPU.ActiveCfg = Release|Any CPU
		{06FB88C7-FA49-4158-92F2-EFABA2E0FFFA}.Release|Any CPU.Build.0 = Release|Any CPU
		{87E2D0BA-A0BA-423F-A68A-B6CA5B13706D}.Debug|Any CPU.ActiveCfg = Debug|Any CPU
		{87E2D0BA-A0BA-423F-A68A-B6CA5B13706D}.Debug|Any CPU.Build.0 = Debug|Any CPU
		{87E2D0BA-A0BA-423F-A68A-B6CA5B13706D}.Release|Any CPU.ActiveCfg = Release|Any CPU
		{87E2D0BA-A0BA-423F-A68A-B6CA5B13706D}.Release|Any CPU.Build.0 = Release|Any CPU
		{FD5D7B98-DDEA-48FE-A7E1-F92A2CAB3882}.Debug|Any CPU.ActiveCfg = Debug|Any CPU
		{FD5D7B98-DDEA-48FE-A7E1-F92A2CAB3882}.Debug|Any CPU.Build.0 = Debug|Any CPU
		{FD5D7B98-DDEA-48FE-A7E1-F92A2CAB3882}.Release|Any CPU.ActiveCfg = Release|Any CPU
		{FD5D7B98-DDEA-48FE-A7E1-F92A2CAB3882}.Release|Any CPU.Build.0 = Release|Any CPU
		{B543FF65-DCAB-4C13-8E4E-BAD4B618841A}.Debug|Any CPU.ActiveCfg = Debug|Any CPU
		{B543FF65-DCAB-4C13-8E4E-BAD4B618841A}.Debug|Any CPU.Build.0 = Debug|Any CPU
		{B543FF65-DCAB-4C13-8E4E-BAD4B618841A}.Release|Any CPU.ActiveCfg = Release|Any CPU
		{B543FF65-DCAB-4C13-8E4E-BAD4B618841A}.Release|Any CPU.Build.0 = Release|Any CPU
		{7E1D9416-B1AB-4BDC-AA85-4B10E7A66653}.Debug|Any CPU.ActiveCfg = Debug|Any CPU
		{7E1D9416-B1AB-4BDC-AA85-4B10E7A66653}.Debug|Any CPU.Build.0 = Debug|Any CPU
		{7E1D9416-B1AB-4BDC-AA85-4B10E7A66653}.Release|Any CPU.ActiveCfg = Release|Any CPU
		{7E1D9416-B1AB-4BDC-AA85-4B10E7A66653}.Release|Any CPU.Build.0 = Release|Any CPU
		{AC9AA85C-CB77-4B4A-A4EF-351A1E74D378}.Debug|Any CPU.ActiveCfg = Debug|Any CPU
		{AC9AA85C-CB77-4B4A-A4EF-351A1E74D378}.Debug|Any CPU.Build.0 = Debug|Any CPU
		{AC9AA85C-CB77-4B4A-A4EF-351A1E74D378}.Release|Any CPU.ActiveCfg = Release|Any CPU
		{AC9AA85C-CB77-4B4A-A4EF-351A1E74D378}.Release|Any CPU.Build.0 = Release|Any CPU
		{053127D8-9737-4C4A-BF2E-61E2155281C4}.Debug|Any CPU.ActiveCfg = Debug|Any CPU
		{053127D8-9737-4C4A-BF2E-61E2155281C4}.Debug|Any CPU.Build.0 = Debug|Any CPU
		{053127D8-9737-4C4A-BF2E-61E2155281C4}.Release|Any CPU.ActiveCfg = Release|Any CPU
		{053127D8-9737-4C4A-BF2E-61E2155281C4}.Release|Any CPU.Build.0 = Release|Any CPU
		{DEE77ED3-25B5-42F2-9857-A8C2B3A01276}.Debug|Any CPU.ActiveCfg = Debug|Any CPU
		{DEE77ED3-25B5-42F2-9857-A8C2B3A01276}.Debug|Any CPU.Build.0 = Debug|Any CPU
		{DEE77ED3-25B5-42F2-9857-A8C2B3A01276}.Release|Any CPU.ActiveCfg = Release|Any CPU
		{DEE77ED3-25B5-42F2-9857-A8C2B3A01276}.Release|Any CPU.Build.0 = Release|Any CPU
	EndGlobalSection
	GlobalSection(SolutionProperties) = preSolution
		HideSolutionNode = FALSE
	EndGlobalSection
	GlobalSection(ExtensibilityGlobals) = postSolution
		SolutionGuid = {155120A2-2226-431E-B61C-DC346AF3B600}
	EndGlobalSection
EndGlobal
